{
  "version": 4,
  "terraform_version": "1.14.0",
  "serial": 1,
  "lineage": "43bb9c96-a0da-b9e5-4d8d-1d2935b97f1e",
  "outputs": {},
  "resources": [
    {
      "mode": "managed",
      "type": "azurerm_resource_group",
      "name": "arg",
      "provider": "provider[\"registry.terraform.io/hashicorp/azurerm\"]",
      "instances": [
        {
          "schema_version": 0,
          "attributes": {
            "id": "/subscriptions/9e473b82-c9db-48c0-a130-de7d047d396f/resourceGroups/TerraformExampleRG",
            "location": "polandcentral",
            "managed_by": "",
            "name": "TerraformExampleRG",
            "tags": null,
            "timeouts": null
          },
          "sensitive_attributes": [],
          "identity_schema_version": 0,
          "identity": {
            "name": "TerraformExampleRG",
            "subscription_id": "9e473b82-c9db-48c0-a130-de7d047d396f"
          },
          "private": "eyJlMmJmYjczMC1lY2FhLTExZTYtOGY4OC0zNDM2M2JjN2M0YzAiOnsiY3JlYXRlIjo1NDAwMDAwMDAwMDAwLCJkZWxldGUiOjU0MDAwMDAwMDAwMDAsInJlYWQiOjMwMDAwMDAwMDAwMCwidXBkYXRlIjo1NDAwMDAwMDAwMDAwfX0="
        }
      ]
    }
  ],
  "check_results": null
}
