{
  "version": 4,
  "terraform_version": "1.14.0",
  "serial": 7,
  "lineage": "3df94dc5-1e0f-5f75-2cc8-5c7f2ffcd20d",
  "outputs": {},
  "resources": [
    {
      "mode": "managed",
      "type": "azurerm_app_service_source_control",
      "name": "github",
      "provider": "provider[\"registry.terraform.io/hashicorp/azurerm\"]",
      "instances": [
        {
          "schema_version": 0,
          "attributes": {
            "app_id": "/subscriptions/9e473b82-c9db-48c0-a130-de7d047d396f/resourceGroups/ContactsBook7594/providers/Microsoft.Web/sites/ContactsBookApp7594",
            "branch": "master",
            "github_action_configuration": [],
            "id": "/subscriptions/9e473b82-c9db-48c0-a130-de7d047d396f/resourceGroups/ContactsBook7594/providers/Microsoft.Web/sites/ContactsBookApp7594",
            "repo_url": "https://github.com/nakov/ContactBook",
            "rollback_enabled": false,
            "scm_type": "ExternalGit",
            "timeouts": null,
            "use_local_git": false,
            "use_manual_integration": true,
            "use_mercurial": false,
            "uses_github_action": false
          },
          "sensitive_attributes": [],
          "identity_schema_version": 0,
          "private": "eyJlMmJmYjczMC1lY2FhLTExZTYtOGY4OC0zNDM2M2JjN2M0YzAiOnsiY3JlYXRlIjoxODAwMDAwMDAwMDAwLCJkZWxldGUiOjE4MDAwMDAwMDAwMDAsInJlYWQiOjMwMDAwMDAwMDAwMH19",
          "dependencies": [
            "azurerm_linux_web_app.alwa",
            "azurerm_resource_group.arg",
            "azurerm_service_plan.asp",
            "random_integer.ri"
          ]
        }
      ]
    },
    {
      "mode": "managed",
      "type": "azurerm_linux_web_app",
      "name": "alwa",
      "provider": "provider[\"registry.terraform.io/hashicorp/azurerm\"]",
      "instances": [
        {
          "schema_version": 1,
          "attributes": {
            "app_settings": null,
            "auth_settings": [
              {
                "active_directory": [],
                "additional_login_parameters": {},
                "allowed_external_redirect_urls": [],
                "default_provider": "",
                "enabled": false,
                "facebook": [],
                "github": [],
                "google": [],
                "issuer": "",
                "microsoft": [],
                "runtime_version": "",
                "token_refresh_extension_hours": 0,
                "token_store_enabled": false,
                "twitter": [],
                "unauthenticated_client_action": ""
              }
            ],
            "auth_settings_v2": [],
            "backup": [],
            "client_affinity_enabled": false,
            "client_certificate_enabled": false,
            "client_certificate_exclusion_paths": "",
            "client_certificate_mode": "Required",
            "connection_string": [],
            "custom_domain_verification_id": "F6F8CA8159DC6DC417DF2AFA4C3C32C5A07B7CB1685C516B45AB8DFCA85D49EF",
            "default_hostname": "contactsbookapp7594.azurewebsites.net",
            "enabled": true,
            "ftp_publish_basic_authentication_enabled": true,
            "hosting_environment_id": "",
            "https_only": false,
            "id": "/subscriptions/9e473b82-c9db-48c0-a130-de7d047d396f/resourceGroups/ContactsBook7594/providers/Microsoft.Web/sites/ContactsBookApp7594",
            "identity": [],
            "key_vault_reference_identity_id": "SystemAssigned",
            "kind": "app,linux",
            "location": "polandcentral",
            "logs": [],
            "name": "ContactsBookApp7594",
            "outbound_ip_address_list": [
              "74.248.249.213",
              "74.248.177.201",
              "134.112.8.29",
              "134.112.80.188",
              "74.248.72.174",
              "74.248.73.133",
              "20.215.142.229",
              "134.112.83.238",
              "134.112.84.12",
              "134.112.11.66",
              "134.112.83.74",
              "134.112.11.70",
              "20.215.12.3"
            ],
            "outbound_ip_addresses": "74.248.249.213,74.248.177.201,134.112.8.29,134.112.80.188,74.248.72.174,74.248.73.133,20.215.142.229,134.112.83.238,134.112.84.12,134.112.11.66,134.112.83.74,134.112.11.70,20.215.12.3",
            "possible_outbound_ip_address_list": [
              "74.248.249.213",
              "74.248.177.201",
              "134.112.8.29",
              "134.112.80.188",
              "74.248.72.174",
              "74.248.73.133",
              "20.215.142.229",
              "134.112.83.238",
              "134.112.84.12",
              "134.112.11.66",
              "134.112.83.74",
              "134.112.11.70",
              "134.112.84.227",
              "74.248.253.114",
              "74.248.253.128",
              "74.248.76.66",
              "134.112.85.2",
              "74.248.253.130",
              "134.112.11.74",
              "134.112.85.65",
              "74.248.76.99",
              "74.248.177.160",
              "74.248.177.163",
              "134.112.81.156",
              "74.248.251.218",
              "134.112.82.55",
              "134.112.82.177",
              "134.112.83.110",
              "74.248.75.136",
              "74.248.177.254",
              "20.215.12.3"
            ],
            "possible_outbound_ip_addresses": "74.248.249.213,74.248.177.201,134.112.8.29,134.112.80.188,74.248.72.174,74.248.73.133,20.215.142.229,134.112.83.238,134.112.84.12,134.112.11.66,134.112.83.74,134.112.11.70,134.112.84.227,74.248.253.114,74.248.253.128,74.248.76.66,134.112.85.2,74.248.253.130,134.112.11.74,134.112.85.65,74.248.76.99,74.248.177.160,74.248.177.163,134.112.81.156,74.248.251.218,134.112.82.55,134.112.82.177,134.112.83.110,74.248.75.136,74.248.177.254,20.215.12.3",
            "public_network_access_enabled": true,
            "resource_group_name": "ContactsBook7594",
            "service_plan_id": "/subscriptions/9e473b82-c9db-48c0-a130-de7d047d396f/resourceGroups/ContactsBook7594/providers/Microsoft.Web/serverFarms/ContactsBookServicePlan7594",
            "site_config": [
              {
                "always_on": false,
                "api_definition_url": "",
                "api_management_api_id": "",
                "app_command_line": "",
                "application_stack": [
                  {
                    "docker_image_name": "",
                    "docker_registry_password": "",
                    "docker_registry_url": "",
                    "docker_registry_username": "",
                    "dotnet_version": "",
                    "go_version": "",
                    "java_server": "",
                    "java_server_version": "",
                    "java_version": "",
                    "node_version": "16-lts",
                    "php_version": "",
                    "python_version": "",
                    "ruby_version": ""
                  }
                ],
                "auto_heal_setting": [],
                "container_registry_managed_identity_client_id": "",
                "container_registry_use_managed_identity": false,
                "cors": [],
                "default_documents": [
                  "Default.htm",
                  "Default.html",
                  "Default.asp",
                  "index.htm",
                  "index.html",
                  "iisstart.htm",
                  "default.aspx",
                  "index.php",
                  "hostingstart.html"
                ],
                "detailed_error_logging_enabled": false,
                "ftps_state": "Disabled",
                "health_check_eviction_time_in_min": 0,
                "health_check_path": "",
                "http2_enabled": false,
                "ip_restriction": [],
                "ip_restriction_default_action": "Allow",
                "linux_fx_version": "NODE|16-lts",
                "load_balancing_mode": "LeastRequests",
                "local_mysql_enabled": false,
                "managed_pipeline_mode": "Integrated",
                "minimum_tls_version": "1.2",
                "remote_debugging_enabled": false,
                "remote_debugging_version": "VS2022",
                "scm_ip_restriction": [],
                "scm_ip_restriction_default_action": "Allow",
                "scm_minimum_tls_version": "1.2",
                "scm_type": "None",
                "scm_use_main_ip_restriction": false,
                "use_32_bit_worker": true,
                "vnet_route_all_enabled": false,
                "websockets_enabled": false,
                "worker_count": 1
              }
            ],
            "site_credential": [
              {
                "name": "$ContactsBookApp7594",
                "password": "YwZrdxKYhWRYKv8pdRtBjv0sjuXax6w4tqx5WXNYE6vAncRo2x67HpNa8DKT"
              }
            ],
            "sticky_settings": [],
            "storage_account": [],
            "tags": null,
            "timeouts": null,
            "virtual_network_backup_restore_enabled": false,
            "virtual_network_subnet_id": "",
            "vnet_image_pull_enabled": false,
            "webdeploy_publish_basic_authentication_enabled": true,
            "zip_deploy_file": ""
          },
          "sensitive_attributes": [
            [
              {
                "type": "get_attr",
                "value": "custom_domain_verification_id"
              }
            ],
            [
              {
                "type": "get_attr",
                "value": "site_config"
              },
              {
                "type": "index",
                "value": {
                  "value": 0,
                  "type": "number"
                }
              },
              {
                "type": "get_attr",
                "value": "application_stack"
              },
              {
                "type": "index",
                "value": {
                  "value": 0,
                  "type": "number"
                }
              },
              {
                "type": "get_attr",
                "value": "docker_registry_password"
              }
            ],
            [
              {
                "type": "get_attr",
                "value": "site_credential"
              }
            ]
          ],
          "identity_schema_version": 0,
          "private": "eyJlMmJmYjczMC1lY2FhLTExZTYtOGY4OC0zNDM2M2JjN2M0YzAiOnsiY3JlYXRlIjoxODAwMDAwMDAwMDAwLCJkZWxldGUiOjE4MDAwMDAwMDAwMDAsInJlYWQiOjMwMDAwMDAwMDAwMCwidXBkYXRlIjoxODAwMDAwMDAwMDAwfSwic2NoZW1hX3ZlcnNpb24iOiIxIn0=",
          "dependencies": [
            "azurerm_resource_group.arg",
            "azurerm_service_plan.asp",
            "random_integer.ri"
          ]
        }
      ]
    },
    {
      "mode": "managed",
      "type": "azurerm_resource_group",
      "name": "arg",
      "provider": "provider[\"registry.terraform.io/hashicorp/azurerm\"]",
      "instances": [
        {
          "schema_version": 0,
          "attributes": {
            "id": "/subscriptions/9e473b82-c9db-48c0-a130-de7d047d396f/resourceGroups/ContactsBook7594",
            "location": "polandcentral",
            "managed_by": "",
            "name": "ContactsBook7594",
            "tags": {},
            "timeouts": null
          },
          "sensitive_attributes": [],
          "identity_schema_version": 0,
          "identity": {
            "name": "ContactsBook7594",
            "subscription_id": "9e473b82-c9db-48c0-a130-de7d047d396f"
          },
          "private": "eyJlMmJmYjczMC1lY2FhLTExZTYtOGY4OC0zNDM2M2JjN2M0YzAiOnsiY3JlYXRlIjo1NDAwMDAwMDAwMDAwLCJkZWxldGUiOjU0MDAwMDAwMDAwMDAsInJlYWQiOjMwMDAwMDAwMDAwMCwidXBkYXRlIjo1NDAwMDAwMDAwMDAwfX0=",
          "dependencies": [
            "random_integer.ri"
          ]
        }
      ]
    },
    {
      "mode": "managed",
      "type": "azurerm_service_plan",
      "name": "asp",
      "provider": "provider[\"registry.terraform.io/hashicorp/azurerm\"]",
      "instances": [
        {
          "schema_version": 1,
          "attributes": {
            "app_service_environment_id": "",
            "id": "/subscriptions/9e473b82-c9db-48c0-a130-de7d047d396f/resourceGroups/ContactsBook7594/providers/Microsoft.Web/serverFarms/ContactsBookServicePlan7594",
            "kind": "linux",
            "location": "polandcentral",
            "maximum_elastic_worker_count": 1,
            "name": "ContactsBookServicePlan7594",
            "os_type": "Linux",
            "per_site_scaling_enabled": false,
            "premium_plan_auto_scale_enabled": false,
            "reserved": true,
            "resource_group_name": "ContactsBook7594",
            "sku_name": "F1",
            "tags": null,
            "timeouts": null,
            "worker_count": 1,
            "zone_balancing_enabled": false
          },
          "sensitive_attributes": [],
          "identity_schema_version": 0,
          "private": "eyJlMmJmYjczMC1lY2FhLTExZTYtOGY4OC0zNDM2M2JjN2M0YzAiOnsiY3JlYXRlIjozNjAwMDAwMDAwMDAwLCJkZWxldGUiOjM2MDAwMDAwMDAwMDAsInJlYWQiOjMwMDAwMDAwMDAwMCwidXBkYXRlIjozNjAwMDAwMDAwMDAwfSwic2NoZW1hX3ZlcnNpb24iOiIxIn0=",
          "dependencies": [
            "azurerm_resource_group.arg",
            "random_integer.ri"
          ]
        }
      ]
    },
    {
      "mode": "managed",
      "type": "random_integer",
      "name": "ri",
      "provider": "provider[\"registry.terraform.io/hashicorp/random\"]",
      "instances": [
        {
          "schema_version": 0,
          "attributes": {
            "id": "7594",
            "keepers": null,
            "max": 99999,
            "min": 1,
            "result": 7594,
            "seed": null
          },
          "sensitive_attributes": [],
          "identity_schema_version": 0
        }
      ]
    }
  ],
  "check_results": null
}
